
Microsoft Visual Studio Solution File, Format Version 12.00
# Visual Studio Version 16
VisualStudioVersion = 16.0.31205.134
MinimumVisualStudioVersion = 10.0.40219.1
Project("{FAE04EC0-301F-11D3-BF4B-00C04F79EFBC}") = "Demo_List", "Demo_List\Demo_List.csproj", "{FD647040-F927-4402-8830-CBFD16023EFE}"
EndProject
Global
	GlobalSection(SolutionConfigurationPlatforms) = preSolution
		Debug|Any CPU = Debug|Any CPU
		Release|Any CPU = Release|Any CPU
	EndGlobalSection
	GlobalSection(ProjectConfigurationPlatforms) = postSolution
		{FD647040-F927-4402-8830-CBFD16023EFE}.Debug|Any CPU.ActiveCfg = Debug|Any CPU
		{FD647040-F927-4402-8830-CBFD16023EFE}.Debug|Any CPU.Build.0 = Debug|Any CPU
		{FD647040-F927-4402-8830-CBFD16023EFE}.Release|Any CPU.ActiveCfg = Release|Any CPU
		{FD647040-F927-4402-8830-CBFD16023EFE}.Release|Any CPU.Build.0 = Release|Any CPU
	EndGlobalSection
	GlobalSection(SolutionProperties) = preSolution
		HideSolutionNode = FALSE
	EndGlobalSection
	GlobalSection(ExtensibilityGlobals) = postSolution
		SolutionGuid = {F8854EF5-55F1-4EC8-B37E-DA6710262759}
	EndGlobalSection
EndGlobal
